<?xml version="1.0" encoding="utf-8"?>
<Project ToolsVersion="4.0" xmlns="http://schemas.microsoft.com/developer/msbuild/2003">
  <ItemGroup>
    <Filter Include="Source Files">
      <UniqueIdentifier>{4FC737F1-C7A5-4376-A066-2A32D752A2FF}</UniqueIdentifier>
      <Extensions>cpp;c;cc;cxx;def;odl;idl;hpj;bat;asm;asmx</Extensions>
    </Filter>
    <Filter Include="Header Files">
      <UniqueIdentifier>{93995380-89BD-4b04-88EB-625FBE52EBFB}</UniqueIdentifier>
      <Extensions>h;hh;hpp;hxx;hm;inl;inc;xsd</Extensions>
    </Filter>
    <Filter Include="Resource Files">
      <UniqueIdentifier>{67DA6AB6-F800-4c08-8B7A-83BB121AAD01}</UniqueIdentifier>
      <Extensions>rc;ico;cur;bmp;dlg;rc2;rct;bin;rgs;gif;jpg;jpeg;jpe;resx;tiff;tif;png;wav;mfcribbon-ms</Extensions>
    </Filter>
    <Filter Include="Header Files\IDSystem">
      <UniqueIdentifier>{73869b31-5783-4a30-931b-65a8765ffaaf}</UniqueIdentifier>
    </Filter>
    <Filter Include="Source Files\IDSystem">
      <UniqueIdentifier>{9294d492-b49a-486d-a6f1-012305aeb5da}</UniqueIdentifier>
    </Filter>
  </ItemGroup>
  <ItemGroup>
    <Text Include="ReadMe.txt" />
  </ItemGroup>
  <ItemGroup>
    <ClCompile Include="AutoResetEvent.cc">
      <Filter>Source Files</Filter>
    </ClCompile>
    <ClCompile Include="Bend.cc">
      <Filter>Source Files</Filter>
    </ClCompile>
    <ClCompile Include="Camera.cc">
      <Filter>Source Files</Filter>
    </ClCompile>
    <ClCompile Include="Command.cc">
      <Filter>Source Files</Filter>
    </ClCompile>
    <ClCompile Include="CommandProcessor.cc">
      <Filter>Source Files</Filter>
    </ClCompile>
    <ClCompile Include="CommandSender.cc">
      <Filter>Source Files</Filter>
    </ClCompile>
    <ClCompile Include="Edge.cc">
      <Filter>Source Files</Filter>
    </ClCompile>
    <ClCompile Include="EdgeLine.cc">
      <Filter>Source Files</Filter>
    </ClCompile>
    <ClCompile Include="Folder.cc">
      <Filter>Source Files</Filter>
    </ClCompile>
    <ClCompile Include="Graph.cc">
      <Filter>Source Files</Filter>
    </ClCompile>
    <ClCompile Include="GraphInfo.cc">
      <Filter>Source Files</Filter>
    </ClCompile>
    <ClCompile Include="Point3D.cc">
      <Filter>Source Files</Filter>
    </ClCompile>
    <ClCompile Include="Point4D.cc">
      <Filter>Source Files</Filter>
    </ClCompile>
    <ClCompile Include="RESTHelper.cc">
      <Filter>Source Files</Filter>
    </ClCompile>
    <ClCompile Include="ServiceManager.cc">
      <Filter>Source Files</Filter>
    </ClCompile>
    <ClCompile Include="Statics.cc">
      <Filter>Source Files</Filter>
    </ClCompile>
    <ClCompile Include="SystemManager.cc">
      <Filter>Source Files</Filter>
    </ClCompile>
    <ClCompile Include="Vertex.cc">
      <Filter>Source Files</Filter>
    </ClCompile>
    <ClCompile Include="FullID.cc">
      <Filter>Source Files\IDSystem</Filter>
    </ClCompile>
    <ClCompile Include="FullIDHashDictionary.cc">
      <Filter>Source Files\IDSystem</Filter>
    </ClCompile>
  </ItemGroup>
  <ItemGroup>
    <ClInclude Include="AutoResetEvent.h">
      <Filter>Header Files</Filter>
    </ClInclude>
    <ClInclude Include="Bend.h">
      <Filter>Header Files</Filter>
    </ClInclude>
    <ClInclude Include="Camera.h">
      <Filter>Header Files</Filter>
    </ClInclude>
    <ClInclude Include="Command.h">
      <Filter>Header Files</Filter>
    </ClInclude>
    <ClInclude Include="CommandProcessor.h">
      <Filter>Header Files</Filter>
    </ClInclude>
    <ClInclude Include="CommandSender.h">
      <Filter>Header Files</Filter>
    </ClInclude>
    <ClInclude Include="Edge.h">
      <Filter>Header Files</Filter>
    </ClInclude>
    <ClInclude Include="EdgeLine.h">
      <Filter>Header Files</Filter>
    </ClInclude>
    <ClInclude Include="Exceptions.h">
      <Filter>Header Files</Filter>
    </ClInclude>
    <ClInclude Include="Folder.h">
      <Filter>Header Files</Filter>
    </ClInclude>
    <ClInclude Include="Graph.h">
      <Filter>Header Files</Filter>
    </ClInclude>
    <ClInclude Include="GraphInfo.h">
      <Filter>Header Files</Filter>
    </ClInclude>
    <ClInclude Include="Headers.h">
      <Filter>Header Files</Filter>
    </ClInclude>
    <ClInclude Include="IHasFullID.h">
      <Filter>Header Files</Filter>
    </ClInclude>
    <ClInclude Include="Point3D.h">
      <Filter>Header Files</Filter>
    </ClInclude>
    <ClInclude Include="Point4D.h">
      <Filter>Header Files</Filter>
    </ClInclude>
    <ClInclude Include="RESTHelper.h">
      <Filter>Header Files</Filter>
    </ClInclude>
    <ClInclude Include="ServiceManager.h">
      <Filter>Header Files</Filter>
    </ClInclude>
    <ClInclude Include="Statics.h">
      <Filter>Header Files</Filter>
    </ClInclude>
    <ClInclude Include="SystemManager.h">
      <Filter>Header Files</Filter>
    </ClInclude>
    <ClInclude Include="Vertex.h">
      <Filter>Header Files</Filter>
    </ClInclude>
    <ClInclude Include="FullID.h">
      <Filter>Header Files\IDSystem</Filter>
    </ClInclude>
    <ClInclude Include="FullIDhashDictionary.h">
      <Filter>Header Files\IDSystem</Filter>
    </ClInclude>
  </ItemGroup>
  <ItemGroup>
    <None Include="packages.config" />
  </ItemGroup>
</Project>